
Microsoft Visual Studio Solution File, Format Version 12.00
# Visual Studio 2013
VisualStudioVersion = 12.0.21005.1
MinimumVisualStudioVersion = 10.0.40219.1
Project("{FAE04EC0-301F-11D3-BF4B-00C04F79EFBC}") = "FoloNow.web.UI", "FoloNow.web.UI\FoloNow.web.UI.csproj", "{A10C3B36-86C5-486B-9CE2-A952EBBDB11A}"
EndProject
Project("{FAE04EC0-301F-11D3-BF4B-00C04F79EFBC}") = "FoloNow.web.UI.Tests", "FoloNow.web.UI.Tests\FoloNow.web.UI.Tests.csproj", "{A9B84A36-3AB1-4241-A879-A8CDD6E32F2E}"
EndProject
Project("{2150E333-8FDC-42A3-9474-1A3956D46DE8}") = "Framework", "Framework", "{6BA444DF-0B61-4671-AEBF-D6B3DF5A9773}"
EndProject
Project("{2150E333-8FDC-42A3-9474-1A3956D46DE8}") = "src", "src", "{5F9EE5C0-530E-4C7E-9145-532C82781562}"
EndProject
Project("{2150E333-8FDC-42A3-9474-1A3956D46DE8}") = "Test", "Test", "{43DCCB73-D957-49E9-BBB4-CEBC9D93A459}"
EndProject
Project("{FAE04EC0-301F-11D3-BF4B-00C04F79EFBC}") = "FoloNow.Web.Admin.UI", "src\FoloNow.Web.Admin.UI\FoloNow.Web.Admin.UI.csproj", "{B285F163-5A1A-480C-94CE-87685CB9D4EF}"
EndProject
Project("{FAE04EC0-301F-11D3-BF4B-00C04F79EFBC}") = "FoloNow.Web.Admin.UI.Tests", "src\FoloNow.Web.Admin.UI.Tests\FoloNow.Web.Admin.UI.Tests.csproj", "{444198D2-55E5-48DB-9D29-80247F783ECB}"
EndProject
Project("{FAE04EC0-301F-11D3-BF4B-00C04F79EFBC}") = "FoloNow.Web.Admin.UI.Configuration", "FoloNow.Web.Admin.UI.Configuration\FoloNow.Web.Admin.UI.Configuration.csproj", "{F167D236-CE08-4EF4-A8FE-C6BFDF3556EC}"
EndProject
Project("{FAE04EC0-301F-11D3-BF4B-00C04F79EFBC}") = "FoloNow.WebApi", "src\WebApi\FoloNow.WebApi\FoloNow.WebApi.csproj", "{79FF66CD-C90C-4408-AB79-1905DBF78C34}"
EndProject
Project("{FAE04EC0-301F-11D3-BF4B-00C04F79EFBC}") = "FoloNow.Database", "src\Database\FoloNow.Database\FoloNow.Database.csproj", "{C8A92AE3-4598-42C8-BD29-AA9CF3DA7C60}"
EndProject
Project("{FAE04EC0-301F-11D3-BF4B-00C04F79EFBC}") = "JM.Database", "JM\Database\JM.Database\JM.Database.csproj", "{89B139B3-4B1A-4AE3-BF12-D0609A16F9F4}"
EndProject
Project("{FAE04EC0-301F-11D3-BF4B-00C04F79EFBC}") = "FoloNow.Database.Tests", "src\Tests\FoloNow.Database.Tests\FoloNow.Database.Tests.csproj", "{C65A4934-811C-42DE-A7CB-13DF66235F77}"
EndProject
Project("{FAE04EC0-301F-11D3-BF4B-00C04F79EFBC}") = "FoloNow.Database.Models", "src\Database\FoloNow.Database.Models\FoloNow.Database.Models.csproj", "{98B0CCAA-9A43-4EDF-8840-5B055D0B693C}"
EndProject
Global
	GlobalSection(SolutionConfigurationPlatforms) = preSolution
		Debug|Any CPU = Debug|Any CPU
		Release|Any CPU = Release|Any CPU
	EndGlobalSection
	GlobalSection(ProjectConfigurationPlatforms) = postSolution
		{A10C3B36-86C5-486B-9CE2-A952EBBDB11A}.Debug|Any CPU.ActiveCfg = Debug|Any CPU
		{A10C3B36-86C5-486B-9CE2-A952EBBDB11A}.Debug|Any CPU.Build.0 = Debug|Any CPU
		{A10C3B36-86C5-486B-9CE2-A952EBBDB11A}.Release|Any CPU.ActiveCfg = Release|Any CPU
		{A10C3B36-86C5-486B-9CE2-A952EBBDB11A}.Release|Any CPU.Build.0 = Release|Any CPU
		{A9B84A36-3AB1-4241-A879-A8CDD6E32F2E}.Debug|Any CPU.ActiveCfg = Debug|Any CPU
		{A9B84A36-3AB1-4241-A879-A8CDD6E32F2E}.Debug|Any CPU.Build.0 = Debug|Any CPU
		{A9B84A36-3AB1-4241-A879-A8CDD6E32F2E}.Release|Any CPU.ActiveCfg = Release|Any CPU
		{A9B84A36-3AB1-4241-A879-A8CDD6E32F2E}.Release|Any CPU.Build.0 = Release|Any CPU
		{B285F163-5A1A-480C-94CE-87685CB9D4EF}.Debug|Any CPU.ActiveCfg = Debug|Any CPU
		{B285F163-5A1A-480C-94CE-87685CB9D4EF}.Debug|Any CPU.Build.0 = Debug|Any CPU
		{B285F163-5A1A-480C-94CE-87685CB9D4EF}.Release|Any CPU.ActiveCfg = Release|Any CPU
		{B285F163-5A1A-480C-94CE-87685CB9D4EF}.Release|Any CPU.Build.0 = Release|Any CPU
		{444198D2-55E5-48DB-9D29-80247F783ECB}.Debug|Any CPU.ActiveCfg = Debug|Any CPU
		{444198D2-55E5-48DB-9D29-80247F783ECB}.Debug|Any CPU.Build.0 = Debug|Any CPU
		{444198D2-55E5-48DB-9D29-80247F783ECB}.Release|Any CPU.ActiveCfg = Release|Any CPU
		{444198D2-55E5-48DB-9D29-80247F783ECB}.Release|Any CPU.Build.0 = Release|Any CPU
		{F167D236-CE08-4EF4-A8FE-C6BFDF3556EC}.Debug|Any CPU.ActiveCfg = Debug|Any CPU
		{F167D236-CE08-4EF4-A8FE-C6BFDF3556EC}.Debug|Any CPU.Build.0 = Debug|Any CPU
		{F167D236-CE08-4EF4-A8FE-C6BFDF3556EC}.Release|Any CPU.ActiveCfg = Release|Any CPU
		{F167D236-CE08-4EF4-A8FE-C6BFDF3556EC}.Release|Any CPU.Build.0 = Release|Any CPU
		{79FF66CD-C90C-4408-AB79-1905DBF78C34}.Debug|Any CPU.ActiveCfg = Debug|Any CPU
		{79FF66CD-C90C-4408-AB79-1905DBF78C34}.Debug|Any CPU.Build.0 = Debug|Any CPU
		{79FF66CD-C90C-4408-AB79-1905DBF78C34}.Release|Any CPU.ActiveCfg = Release|Any CPU
		{79FF66CD-C90C-4408-AB79-1905DBF78C34}.Release|Any CPU.Build.0 = Release|Any CPU
		{C8A92AE3-4598-42C8-BD29-AA9CF3DA7C60}.Debug|Any CPU.ActiveCfg = Debug|Any CPU
		{C8A92AE3-4598-42C8-BD29-AA9CF3DA7C60}.Debug|Any CPU.Build.0 = Debug|Any CPU
		{C8A92AE3-4598-42C8-BD29-AA9CF3DA7C60}.Release|Any CPU.ActiveCfg = Release|Any CPU
		{C8A92AE3-4598-42C8-BD29-AA9CF3DA7C60}.Release|Any CPU.Build.0 = Release|Any CPU
		{89B139B3-4B1A-4AE3-BF12-D0609A16F9F4}.Debug|Any CPU.ActiveCfg = Debug|Any CPU
		{89B139B3-4B1A-4AE3-BF12-D0609A16F9F4}.Debug|Any CPU.Build.0 = Debug|Any CPU
		{89B139B3-4B1A-4AE3-BF12-D0609A16F9F4}.Release|Any CPU.ActiveCfg = Release|Any CPU
		{89B139B3-4B1A-4AE3-BF12-D0609A16F9F4}.Release|Any CPU.Build.0 = Release|Any CPU
		{C65A4934-811C-42DE-A7CB-13DF66235F77}.Debug|Any CPU.ActiveCfg = Debug|Any CPU
		{C65A4934-811C-42DE-A7CB-13DF66235F77}.Debug|Any CPU.Build.0 = Debug|Any CPU
		{C65A4934-811C-42DE-A7CB-13DF66235F77}.Release|Any CPU.ActiveCfg = Release|Any CPU
		{C65A4934-811C-42DE-A7CB-13DF66235F77}.Release|Any CPU.Build.0 = Release|Any CPU
		{98B0CCAA-9A43-4EDF-8840-5B055D0B693C}.Debug|Any CPU.ActiveCfg = Debug|Any CPU
		{98B0CCAA-9A43-4EDF-8840-5B055D0B693C}.Debug|Any CPU.Build.0 = Debug|Any CPU
		{98B0CCAA-9A43-4EDF-8840-5B055D0B693C}.Release|Any CPU.ActiveCfg = Release|Any CPU
		{98B0CCAA-9A43-4EDF-8840-5B055D0B693C}.Release|Any CPU.Build.0 = Release|Any CPU
	EndGlobalSection
	GlobalSection(SolutionProperties) = preSolution
		HideSolutionNode = FALSE
	EndGlobalSection
	GlobalSection(NestedProjects) = preSolution
		{A10C3B36-86C5-486B-9CE2-A952EBBDB11A} = {5F9EE5C0-530E-4C7E-9145-532C82781562}
		{B285F163-5A1A-480C-94CE-87685CB9D4EF} = {5F9EE5C0-530E-4C7E-9145-532C82781562}
		{F167D236-CE08-4EF4-A8FE-C6BFDF3556EC} = {5F9EE5C0-530E-4C7E-9145-532C82781562}
		{79FF66CD-C90C-4408-AB79-1905DBF78C34} = {5F9EE5C0-530E-4C7E-9145-532C82781562}
		{C8A92AE3-4598-42C8-BD29-AA9CF3DA7C60} = {5F9EE5C0-530E-4C7E-9145-532C82781562}
		{98B0CCAA-9A43-4EDF-8840-5B055D0B693C} = {5F9EE5C0-530E-4C7E-9145-532C82781562}
		{A9B84A36-3AB1-4241-A879-A8CDD6E32F2E} = {43DCCB73-D957-49E9-BBB4-CEBC9D93A459}
		{444198D2-55E5-48DB-9D29-80247F783ECB} = {43DCCB73-D957-49E9-BBB4-CEBC9D93A459}
		{C65A4934-811C-42DE-A7CB-13DF66235F77} = {43DCCB73-D957-49E9-BBB4-CEBC9D93A459}
		{89B139B3-4B1A-4AE3-BF12-D0609A16F9F4} = {6BA444DF-0B61-4671-AEBF-D6B3DF5A9773}
	EndGlobalSection
EndGlobal
